
Microsoft Visual Studio Solution File, Format Version 12.00
# Visual Studio 2017
Project("{FAE04EC0-301F-11D3-BF4B-00C04F79EFBC}") = "Guardian", "Guardian.csproj", "{84954CCB-4AB9-7D0B-293D-03486885FBBD}"
EndProject
Global
	GlobalSection(SolutionConfigurationPlatforms) = preSolution
		Debug|Any CPU = Debug|Any CPU
		Release|Any CPU = Release|Any CPU
	EndGlobalSection
	GlobalSection(ProjectConfigurationPlatforms) = postSolution
		{84954CCB-4AB9-7D0B-293D-03486885FBBD}.Debug|Any CPU.ActiveCfg = Debug|Any CPU
		{84954CCB-4AB9-7D0B-293D-03486885FBBD}.Debug|Any CPU.Build.0 = Debug|Any CPU
		{84954CCB-4AB9-7D0B-293D-03486885FBBD}.Release|Any CPU.ActiveCfg = Release|Any CPU
		{84954CCB-4AB9-7D0B-293D-03486885FBBD}.Release|Any CPU.Build.0 = Release|Any CPU
	EndGlobalSection
	GlobalSection(SolutionProperties) = preSolution
		HideSolutionNode = FALSE
	EndGlobalSection
EndGlobal
